
Microsoft Visual Studio Solution File, Format Version 12.00
# Visual Studio Version 17
VisualStudioVersion = 17.0.31903.59
MinimumVisualStudioVersion = 10.0.40219.1
Project("{FAE04EC0-301F-11D3-BF4B-00C04F79EFBC}") = "Domain", "Domain\Domain.csproj", "{BE5EC13F-9E02-4430-A622-5F7F3DC6CEA5}"
EndProject
Project("{FAE04EC0-301F-11D3-BF4B-00C04F79EFBC}") = "Domain.Tests", "Domain.Tests\Domain.Tests.csproj", "{92B802BC-6F0F-4CEB-88EF-B1353DDECF32}"
EndProject
Project("{FAE04EC0-301F-11D3-BF4B-00C04F79EFBC}") = "Console", "Console\Console.csproj", "{938F0278-B8C1-478E-A34C-E3470A1C99D3}"
EndProject
Global
	GlobalSection(SolutionConfigurationPlatforms) = preSolution
		Debug|Any CPU = Debug|Any CPU
		Release|Any CPU = Release|Any CPU
	EndGlobalSection
	GlobalSection(SolutionProperties) = preSolution
		HideSolutionNode = FALSE
	EndGlobalSection
	GlobalSection(ProjectConfigurationPlatforms) = postSolution
		{BE5EC13F-9E02-4430-A622-5F7F3DC6CEA5}.Debug|Any CPU.ActiveCfg = Debug|Any CPU
		{BE5EC13F-9E02-4430-A622-5F7F3DC6CEA5}.Debug|Any CPU.Build.0 = Debug|Any CPU
		{BE5EC13F-9E02-4430-A622-5F7F3DC6CEA5}.Release|Any CPU.ActiveCfg = Release|Any CPU
		{BE5EC13F-9E02-4430-A622-5F7F3DC6CEA5}.Release|Any CPU.Build.0 = Release|Any CPU
		{92B802BC-6F0F-4CEB-88EF-B1353DDECF32}.Debug|Any CPU.ActiveCfg = Debug|Any CPU
		{92B802BC-6F0F-4CEB-88EF-B1353DDECF32}.Debug|Any CPU.Build.0 = Debug|Any CPU
		{92B802BC-6F0F-4CEB-88EF-B1353DDECF32}.Release|Any CPU.ActiveCfg = Release|Any CPU
		{92B802BC-6F0F-4CEB-88EF-B1353DDECF32}.Release|Any CPU.Build.0 = Release|Any CPU
		{938F0278-B8C1-478E-A34C-E3470A1C99D3}.Debug|Any CPU.ActiveCfg = Debug|Any CPU
		{938F0278-B8C1-478E-A34C-E3470A1C99D3}.Debug|Any CPU.Build.0 = Debug|Any CPU
		{938F0278-B8C1-478E-A34C-E3470A1C99D3}.Release|Any CPU.ActiveCfg = Release|Any CPU
		{938F0278-B8C1-478E-A34C-E3470A1C99D3}.Release|Any CPU.Build.0 = Release|Any CPU
	EndGlobalSection
EndGlobal
